
Microsoft Visual Studio Solution File, Format Version 12.00
# Visual Studio Version 17
VisualStudioVersion = 17.14.36301.6 d17.14
MinimumVisualStudioVersion = 10.0.40219.1
Project("{54A90642-561A-4BB1-A94E-469ADEE60C69}") = "eslint-plugins", "eslint-plugins\eslint-plugins.esproj", "{61C6686B-8139-E3ED-CD34-A2EB42AEB923}"
EndProject
Global
	GlobalSection(SolutionConfigurationPlatforms) = preSolution
		Debug|Any CPU = Debug|Any CPU
		Release|Any CPU = Release|Any CPU
	EndGlobalSection
	GlobalSection(ProjectConfigurationPlatforms) = postSolution
		{61C6686B-8139-E3ED-CD34-A2EB42AEB923}.Debug|Any CPU.ActiveCfg = Debug|Any CPU
		{61C6686B-8139-E3ED-CD34-A2EB42AEB923}.Debug|Any CPU.Build.0 = Debug|Any CPU
		{61C6686B-8139-E3ED-CD34-A2EB42AEB923}.Debug|Any CPU.Deploy.0 = Debug|Any CPU
		{61C6686B-8139-E3ED-CD34-A2EB42AEB923}.Release|Any CPU.ActiveCfg = Release|Any CPU
		{61C6686B-8139-E3ED-CD34-A2EB42AEB923}.Release|Any CPU.Build.0 = Release|Any CPU
		{61C6686B-8139-E3ED-CD34-A2EB42AEB923}.Release|Any CPU.Deploy.0 = Release|Any CPU
	EndGlobalSection
	GlobalSection(SolutionProperties) = preSolution
		HideSolutionNode = FALSE
	EndGlobalSection
	GlobalSection(ExtensibilityGlobals) = postSolution
		SolutionGuid = {927EA469-5C83-4EA9-AEF7-B870051A4542}
	EndGlobalSection
EndGlobal
